{
  "name": "@iviz/cli",
  "version": "0.3.2",
  "lockfileVersion": 3,
  "requires": true,
  "packages": {
    "": {
      "name": "@iviz/cli",
      "version": "0.3.2",
      "hasInstallScript": true,
      "license": "MIT",
      "bin": {
        "iviz": "bin/iviz.js"
      },
      "engines": {
        "node": ">=16"
      }
    }
  }
}
